{
  "originHash" : "9a90fd6b751db9d872f6d8fec0f562188d05fff2207aaee414e5b69e095576f9",
  "pins" : [
    {
      "identity" : "plaid-link-ios-spm",
      "kind" : "remoteSourceControl",
      "location" : "https://github.com/plaid/plaid-link-ios-spm.git",
      "state" : {
        "revision" : "46550b9af2911f1874f4a4537c92d44ebca8a833",
        "version" : "7.0.0"
      }
    }
  ],
  "version" : 3
}
